// !$*UTF8*$!
{
	archiveVersion = 1;
	classes = {
	};
	objectVersion = 56;
	objects = {

/* Begin PBXBuildFile section */
		4B7419722AA92E4F00502E23 /* CustomTableViewCell.swift in Sources */ = {isa = PBXBuildFile; fileRef = 4B7419712AA92E4F00502E23 /* CustomTableViewCell.swift */; };
		4B7419772AA934F600502E23 /* ViewController.swift in Sources */ = {isa = PBXBuildFile; fileRef = 4B7419762AA934F600502E23 /* ViewController.swift */; };
		4B7419792AA935C300502E23 /* ViewController+Extensions.swift in Sources */ = {isa = PBXBuildFile; fileRef = 4B7419782AA935C300502E23 /* ViewController+Extensions.swift */; };
		4B74197B2AA9361500502E23 /* UIColor+Hex.swift in Sources */ = {isa = PBXBuildFile; fileRef = 4B74197A2AA9361500502E23 /* UIColor+Hex.swift */; };
		4BC98C712AA6C58E00B7F96A /* AppDelegate.swift in Sources */ = {isa = PBXBuildFile; fileRef = 4BC98C702AA6C58E00B7F96A /* AppDelegate.swift */; };
		4BC98C732AA6C58E00B7F96A /* SceneDelegate.swift in Sources */ = {isa = PBXBuildFile; fileRef = 4BC98C722AA6C58E00B7F96A /* SceneDelegate.swift */; };
		4BC98C782AA6C58E00B7F96A /* Main.storyboard in Resources */ = {isa = PBXBuildFile; fileRef = 4BC98C762AA6C58E00B7F96A /* Main.storyboard */; };
		4BC98C7A2AA6C59000B7F96A /* Assets.xcassets in Resources */ = {isa = PBXBuildFile; fileRef = 4BC98C792AA6C59000B7F96A /* Assets.xcassets */; };
		4BC98C7D2AA6C59000B7F96A /* LaunchScreen.storyboard in Resources */ = {isa = PBXBuildFile; fileRef = 4BC98C7B2AA6C59000B7F96A /* LaunchScreen.storyboard */; };
		4BC98C892AA6C62900B7F96A /* ColorOvenAPI.swift in Sources */ = {isa = PBXBuildFile; fileRef = 4BC98C882AA6C62900B7F96A /* ColorOvenAPI.swift */; };
		4BC98C8B2AA6C66700B7F96A /* ColorOvenViewModel.swift in Sources */ = {isa = PBXBuildFile; fileRef = 4BC98C8A2AA6C66700B7F96A /* ColorOvenViewModel.swift */; };
		4BFCC9BF2AAE80F100FDD9B7 /* ColorResultsViewController.swift in Sources */ = {isa = PBXBuildFile; fileRef = 4BFCC9BE2AAE80F100FDD9B7 /* ColorResultsViewController.swift */; };
/* End PBXBuildFile section */

/* Begin PBXFileReference section */
		4B7419712AA92E4F00502E23 /* CustomTableViewCell.swift */ = {isa = PBXFileReference; lastKnownFileType = sourcecode.swift; path = CustomTableViewCell.swift; sourceTree = "<group>"; };
		4B7419762AA934F600502E23 /* ViewController.swift */ = {isa = PBXFileReference; lastKnownFileType = sourcecode.swift; path = ViewController.swift; sourceTree = "<group>"; };
		4B7419782AA935C300502E23 /* ViewController+Extensions.swift */ = {isa = PBXFileReference; lastKnownFileType = sourcecode.swift; path = "ViewController+Extensions.swift"; sourceTree = "<group>"; };
		4B74197A2AA9361500502E23 /* UIColor+Hex.swift */ = {isa = PBXFileReference; lastKnownFileType = sourcecode.swift; path = "UIColor+Hex.swift"; sourceTree = "<group>"; };
		4BC98C6D2AA6C58E00B7F96A /* ColorOven2.app */ = {isa = PBXFileReference; explicitFileType = wrapper.application; includeInIndex = 0; path = ColorOven2.app; sourceTree = BUILT_PRODUCTS_DIR; };
		4BC98C702AA6C58E00B7F96A /* AppDelegate.swift */ = {isa = PBXFileReference; lastKnownFileType = sourcecode.swift; path = AppDelegate.swift; sourceTree = "<group>"; };
		4BC98C722AA6C58E00B7F96A /* SceneDelegate.swift */ = {isa = PBXFileReference; lastKnownFileType = sourcecode.swift; path = SceneDelegate.swift; sourceTree = "<group>"; };
		4BC98C772AA6C58E00B7F96A /* Base */ = {isa = PBXFileReference; lastKnownFileType = file.storyboard; name = Base; path = Base.lproj/Main.storyboard; sourceTree = "<group>"; };
		4BC98C792AA6C59000B7F96A /* Assets.xcassets */ = {isa = PBXFileReference; lastKnownFileType = folder.assetcatalog; path = Assets.xcassets; sourceTree = "<group>"; };
		4BC98C7C2AA6C59000B7F96A /* Base */ = {isa = PBXFileReference; lastKnownFileType = file.storyboard; name = Base; path = Base.lproj/LaunchScreen.storyboard; sourceTree = "<group>"; };
		4BC98C7E2AA6C59000B7F96A /* Info.plist */ = {isa = PBXFileReference; lastKnownFileType = text.plist.xml; path = Info.plist; sourceTree = "<group>"; };
		4BC98C882AA6C62900B7F96A /* ColorOvenAPI.swift */ = {isa = PBXFileReference; lastKnownFileType = sourcecode.swift; path = ColorOvenAPI.swift; sourceTree = "<group>"; };
		4BC98C8A2AA6C66700B7F96A /* ColorOvenViewModel.swift */ = {isa = PBXFileReference; lastKnownFileType = sourcecode.swift; path = ColorOvenViewModel.swift; sourceTree = "<group>"; };
		4BFCC9BE2AAE80F100FDD9B7 /* ColorResultsViewController.swift */ = {isa = PBXFileReference; lastKnownFileType = sourcecode.swift; path = ColorResultsViewController.swift; sourceTree = "<group>"; };
/* End PBXFileReference section */

/* Begin PBXFrameworksBuildPhase section */
		4BC98C6A2AA6C58E00B7F96A /* Frameworks */ = {
			isa = PBXFrameworksBuildPhase;
			buildActionMask = 2147483647;
			files = (
			);
			runOnlyForDeploymentPostprocessing = 0;
		};
/* End PBXFrameworksBuildPhase section */

/* Begin PBXGroup section */
		4B7419732AA9343300502E23 /* Controllers */ = {
			isa = PBXGroup;
			children = (
				4B7419762AA934F600502E23 /* ViewController.swift */,
				4BFCC9BE2AAE80F100FDD9B7 /* ColorResultsViewController.swift */,
			);
			path = Controllers;
			sourceTree = "<group>";
		};
		4B7419742AA9345300502E23 /* Extensions */ = {
			isa = PBXGroup;
			children = (
				4B7419782AA935C300502E23 /* ViewController+Extensions.swift */,
				4B74197A2AA9361500502E23 /* UIColor+Hex.swift */,
			);
			path = Extensions;
			sourceTree = "<group>";
		};
		4B7419752AA9345E00502E23 /* Views */ = {
			isa = PBXGroup;
			children = (
				4B7419712AA92E4F00502E23 /* CustomTableViewCell.swift */,
			);
			path = Views;
			sourceTree = "<group>";
		};
		4B74197C2AA938F400502E23 /* ViewModels */ = {
			isa = PBXGroup;
			children = (
				4BC98C8A2AA6C66700B7F96A /* ColorOvenViewModel.swift */,
			);
			path = ViewModels;
			sourceTree = "<group>";
		};
		4B74197D2AA9392C00502E23 /* Services */ = {
			isa = PBXGroup;
			children = (
				4BC98C882AA6C62900B7F96A /* ColorOvenAPI.swift */,
			);
			path = Services;
			sourceTree = "<group>";
		};
		4B74197E2AA9394D00502E23 /* Utilities */ = {
			isa = PBXGroup;
			children = (
				4BC98C702AA6C58E00B7F96A /* AppDelegate.swift */,
				4BC98C722AA6C58E00B7F96A /* SceneDelegate.swift */,
				4BC98C762AA6C58E00B7F96A /* Main.storyboard */,
				4BC98C792AA6C59000B7F96A /* Assets.xcassets */,
				4BC98C7B2AA6C59000B7F96A /* LaunchScreen.storyboard */,
			);
			path = Utilities;
			sourceTree = "<group>";
		};
		4BC98C642AA6C58E00B7F96A = {
			isa = PBXGroup;
			children = (
				4BC98C6F2AA6C58E00B7F96A /* ColorOven2 */,
				4BC98C6E2AA6C58E00B7F96A /* Products */,
			);
			sourceTree = "<group>";
		};
		4BC98C6E2AA6C58E00B7F96A /* Products */ = {
			isa = PBXGroup;
			children = (
				4BC98C6D2AA6C58E00B7F96A /* ColorOven2.app */,
			);
			name = Products;
			sourceTree = "<group>";
		};
		4BC98C6F2AA6C58E00B7F96A /* ColorOven2 */ = {
			isa = PBXGroup;
			children = (
				4BC98C7E2AA6C59000B7F96A /* Info.plist */,
				4B74197E2AA9394D00502E23 /* Utilities */,
				4B74197D2AA9392C00502E23 /* Services */,
				4B74197C2AA938F400502E23 /* ViewModels */,
				4B7419732AA9343300502E23 /* Controllers */,
				4B7419742AA9345300502E23 /* Extensions */,
				4B7419752AA9345E00502E23 /* Views */,
			);
			path = ColorOven2;
			sourceTree = "<group>";
		};
/* End PBXGroup section */

/* Begin PBXNativeTarget section */
		4BC98C6C2AA6C58E00B7F96A /* ColorOven2 */ = {
			isa = PBXNativeTarget;
			buildConfigurationList = 4BC98C812AA6C59000B7F96A /* Build configuration list for PBXNativeTarget "ColorOven2" */;
			buildPhases = (
				4BC98C692AA6C58E00B7F96A /* Sources */,
				4BC98C6A2AA6C58E00B7F96A /* Frameworks */,
				4BC98C6B2AA6C58E00B7F96A /* Resources */,
			);
			buildRules = (
			);
			dependencies = (
			);
			name = ColorOven2;
			productName = ColorOven2;
			productReference = 4BC98C6D2AA6C58E00B7F96A /* ColorOven2.app */;
			productType = "com.apple.product-type.application";
		};
/* End PBXNativeTarget section */

/* Begin PBXProject section */
		4BC98C652AA6C58E00B7F96A /* Project object */ = {
			isa = PBXProject;
			attributes = {
				BuildIndependentTargetsInParallel = 1;
				LastSwiftUpdateCheck = 1430;
				LastUpgradeCheck = 1430;
				TargetAttributes = {
					4BC98C6C2AA6C58E00B7F96A = {
						CreatedOnToolsVersion = 14.3;
					};
				};
			};
			buildConfigurationList = 4BC98C682AA6C58E00B7F96A /* Build configuration list for PBXProject "ColorOven2" */;
			compatibilityVersion = "Xcode 14.0";
			developmentRegion = en;
			hasScannedForEncodings = 0;
			knownRegions = (
				en,
				Base,
			);
			mainGroup = 4BC98C642AA6C58E00B7F96A;
			productRefGroup = 4BC98C6E2AA6C58E00B7F96A /* Products */;
			projectDirPath = "";
			projectRoot = "";
			targets = (
				4BC98C6C2AA6C58E00B7F96A /* ColorOven2 */,
			);
		};
/* End PBXProject section */

/* Begin PBXResourcesBuildPhase section */
		4BC98C6B2AA6C58E00B7F96A /* Resources */ = {
			isa = PBXResourcesBuildPhase;
			buildActionMask = 2147483647;
			files = (
				4BC98C7D2AA6C59000B7F96A /* LaunchScreen.storyboard in Resources */,
				4BC98C7A2AA6C59000B7F96A /* Assets.xcassets in Resources */,
				4BC98C782AA6C58E00B7F96A /* Main.storyboard in Resources */,
			);
			runOnlyForDeploymentPostprocessing = 0;
		};
/* End PBXResourcesBuildPhase section */

/* Begin PBXSourcesBuildPhase section */
		4BC98C692AA6C58E00B7F96A /* Sources */ = {
			isa = PBXSourcesBuildPhase;
			buildActionMask = 2147483647;
			files = (
				4BC98C712AA6C58E00B7F96A /* AppDelegate.swift in Sources */,
				4BFCC9BF2AAE80F100FDD9B7 /* ColorResultsViewController.swift in Sources */,
				4B7419722AA92E4F00502E23 /* CustomTableViewCell.swift in Sources */,
				4B7419792AA935C300502E23 /* ViewController+Extensions.swift in Sources */,
				4BC98C892AA6C62900B7F96A /* ColorOvenAPI.swift in Sources */,
				4BC98C8B2AA6C66700B7F96A /* ColorOvenViewModel.swift in Sources */,
				4B7419772AA934F600502E23 /* ViewController.swift in Sources */,
				4BC98C732AA6C58E00B7F96A /* SceneDelegate.swift in Sources */,
				4B74197B2AA9361500502E23 /* UIColor+Hex.swift in Sources */,
			);
			runOnlyForDeploymentPostprocessing = 0;
		};
/* End PBXSourcesBuildPhase section */

/* Begin PBXVariantGroup section */
		4BC98C762AA6C58E00B7F96A /* Main.storyboard */ = {
			isa = PBXVariantGroup;
			children = (
				4BC98C772AA6C58E00B7F96A /* Base */,
			);
			name = Main.storyboard;
			sourceTree = "<group>";
		};
		4BC98C7B2AA6C59000B7F96A /* LaunchScreen.storyboard */ = {
			isa = PBXVariantGroup;
			children = (
				4BC98C7C2AA6C59000B7F96A /* Base */,
			);
			name = LaunchScreen.storyboard;
			sourceTree = "<group>";
		};
/* End PBXVariantGroup section */

/* Begin XCBuildConfiguration section */
		4BC98C7F2AA6C59000B7F96A /* Debug */ = {
			isa = XCBuildConfiguration;
			buildSettings = {
				ALWAYS_SEARCH_USER_PATHS = NO;
				CLANG_ANALYZER_NONNULL = YES;
				CLANG_ANALYZER_NUMBER_OBJECT_CONVERSION = YES_AGGRESSIVE;
				CLANG_CXX_LANGUAGE_STANDARD = "gnu++20";
				CLANG_ENABLE_MODULES = YES;
				CLANG_ENABLE_OBJC_ARC = YES;
				CLANG_ENABLE_OBJC_WEAK = YES;
				CLANG_WARN_BLOCK_CAPTURE_AUTORELEASING = YES;
				CLANG_WARN_BOOL_CONVERSION = YES;
				CLANG_WARN_COMMA = YES;
				CLANG_WARN_CONSTANT_CONVERSION = YES;
				CLANG_WARN_DEPRECATED_OBJC_IMPLEMENTATIONS = YES;
				CLANG_WARN_DIRECT_OBJC_ISA_USAGE = YES_ERROR;
				CLANG_WARN_DOCUMENTATION_COMMENTS = YES;
				CLANG_WARN_EMPTY_BODY = YES;
				CLANG_WARN_ENUM_CONVERSION = YES;
				CLANG_WARN_INFINITE_RECURSION = YES;
				CLANG_WARN_INT_CONVERSION = YES;
				CLANG_WARN_NON_LITERAL_NULL_CONVERSION = YES;
				CLANG_WARN_OBJC_IMPLICIT_RETAIN_SELF = YES;
				CLANG_WARN_OBJC_LITERAL_CONVERSION = YES;
				CLANG_WARN_OBJC_ROOT_CLASS = YES_ERROR;
				CLANG_WARN_QUOTED_INCLUDE_IN_FRAMEWORK_HEADER = YES;
				CLANG_WARN_RANGE_LOOP_ANALYSIS = YES;
				CLANG_WARN_STRICT_PROTOTYPES = YES;
				CLANG_WARN_SUSPICIOUS_MOVE = YES;
				CLANG_WARN_UNGUARDED_AVAILABILITY = YES_AGGRESSIVE;
				CLANG_WARN_UNREACHABLE_CODE = YES;
				CLANG_WARN__DUPLICATE_METHOD_MATCH = YES;
				COPY_PHASE_STRIP = NO;
				DEBUG_INFORMATION_FORMAT = dwarf;
				ENABLE_STRICT_OBJC_MSGSEND = YES;
				ENABLE_TESTABILITY = YES;
				GCC_C_LANGUAGE_STANDARD = gnu11;
				GCC_DYNAMIC_NO_PIC = NO;
				GCC_NO_COMMON_BLOCKS = YES;
				GCC_OPTIMIZATION_LEVEL = 0;
				GCC_PREPROCESSOR_DEFINITIONS = (
					"DEBUG=1",
					"$(inherited)",
				);
				GCC_WARN_64_TO_32_BIT_CONVERSION = YES;
				GCC_WARN_ABOUT_RETURN_TYPE = YES_ERROR;
				GCC_WARN_UNDECLARED_SELECTOR = YES;
				GCC_WARN_UNINITIALIZED_AUTOS = YES_AGGRESSIVE;
				GCC_WARN_UNUSED_FUNCTION = YES;
				GCC_WARN_UNUSED_VARIABLE = YES;
				IPHONEOS_DEPLOYMENT_TARGET = 16.4;
				MTL_ENABLE_DEBUG_INFO = INCLUDE_SOURCE;
				MTL_FAST_MATH = YES;
				ONLY_ACTIVE_ARCH = YES;
				SDKROOT = iphoneos;
				SWIFT_ACTIVE_COMPILATION_CONDITIONS = DEBUG;
				SWIFT_OPTIMIZATION_LEVEL = "-Onone";
			};
			name = Debug;
		};
		4BC98C802AA6C59000B7F96A /* Release */ = {
			isa = XCBuildConfiguration;
			buildSettings = {
				ALWAYS_SEARCH_USER_PATHS = NO;
				CLANG_ANALYZER_NONNULL = YES;
				CLANG_ANALYZER_NUMBER_OBJECT_CONVERSION = YES_AGGRESSIVE;
				CLANG_CXX_LANGUAGE_STANDARD = "gnu++20";
				CLANG_ENABLE_MODULES = YES;
				CLANG_ENABLE_OBJC_ARC = YES;
				CLANG_ENABLE_OBJC_WEAK = YES;
				CLANG_WARN_BLOCK_CAPTURE_AUTORELEASING = YES;
				CLANG_WARN_BOOL_CONVERSION = YES;
				CLANG_WARN_COMMA = YES;
				CLANG_WARN_CONSTANT_CONVERSION = YES;
				CLANG_WARN_DEPRECATED_OBJC_IMPLEMENTATIONS = YES;
				CLANG_WARN_DIRECT_OBJC_ISA_USAGE = YES_ERROR;
				CLANG_WARN_DOCUMENTATION_COMMENTS = YES;
				CLANG_WARN_EMPTY_BODY = YES;
				CLANG_WARN_ENUM_CONVERSION = YES;
				CLANG_WARN_INFINITE_RECURSION = YES;
				CLANG_WARN_INT_CONVERSION = YES;
				CLANG_WARN_NON_LITERAL_NULL_CONVERSION = YES;
				CLANG_WARN_OBJC_IMPLICIT_RETAIN_SELF = YES;
				CLANG_WARN_OBJC_LITERAL_CONVERSION = YES;
				CLANG_WARN_OBJC_ROOT_CLASS = YES_ERROR;
				CLANG_WARN_QUOTED_INCLUDE_IN_FRAMEWORK_HEADER = YES;
				CLANG_WARN_RANGE_LOOP_ANALYSIS = YES;
				CLANG_WARN_STRICT_PROTOTYPES = YES;
				CLANG_WARN_SUSPICIOUS_MOVE = YES;
				CLANG_WARN_UNGUARDED_AVAILABILITY = YES_AGGRESSIVE;
				CLANG_WARN_UNREACHABLE_CODE = YES;
				CLANG_WARN__DUPLICATE_METHOD_MATCH = YES;
				COPY_PHASE_STRIP = NO;
				DEBUG_INFORMATION_FORMAT = "dwarf-with-dsym";
				ENABLE_NS_ASSERTIONS = NO;
				ENABLE_STRICT_OBJC_MSGSEND = YES;
				GCC_C_LANGUAGE_STANDARD = gnu11;
				GCC_NO_COMMON_BLOCKS = YES;
				GCC_WARN_64_TO_32_BIT_CONVERSION = YES;
				GCC_WARN_ABOUT_RETURN_TYPE = YES_ERROR;
				GCC_WARN_UNDECLARED_SELECTOR = YES;
				GCC_WARN_UNINITIALIZED_AUTOS = YES_AGGRESSIVE;
				GCC_WARN_UNUSED_FUNCTION = YES;
				GCC_WARN_UNUSED_VARIABLE = YES;
				IPHONEOS_DEPLOYMENT_TARGET = 16.4;
				MTL_ENABLE_DEBUG_INFO = NO;
				MTL_FAST_MATH = YES;
				SDKROOT = iphoneos;
				SWIFT_COMPILATION_MODE = wholemodule;
				SWIFT_OPTIMIZATION_LEVEL = "-O";
				VALIDATE_PRODUCT = YES;
			};
			name = Release;
		};
		4BC98C822AA6C59000B7F96A /* Debug */ = {
			isa = XCBuildConfiguration;
			buildSettings = {
				ASSETCATALOG_COMPILER_APPICON_NAME = AppIcon;
				ASSETCATALOG_COMPILER_GLOBAL_ACCENT_COLOR_NAME = AccentColor;
				CODE_SIGN_STYLE = Automatic;
				CURRENT_PROJECT_VERSION = 1;
				DEVELOPMENT_TEAM = AEZ4QG7CT6;
				GENERATE_INFOPLIST_FILE = YES;
				INFOPLIST_FILE = ColorOven2/Info.plist;
				INFOPLIST_KEY_UIApplicationSupportsIndirectInputEvents = YES;
				INFOPLIST_KEY_UILaunchStoryboardName = LaunchScreen;
				INFOPLIST_KEY_UIMainStoryboardFile = Main;
				INFOPLIST_KEY_UISupportedInterfaceOrientations_iPad = "UIInterfaceOrientationPortrait UIInterfaceOrientationPortraitUpsideDown UIInterfaceOrientationLandscapeLeft UIInterfaceOrientationLandscapeRight";
				INFOPLIST_KEY_UISupportedInterfaceOrientations_iPhone = "UIInterfaceOrientationPortrait UIInterfaceOrientationLandscapeLeft UIInterfaceOrientationLandscapeRight";
				LD_RUNPATH_SEARCH_PATHS = (
					"$(inherited)",
					"@executable_path/Frameworks",
				);
				MARKETING_VERSION = 1.0;
				PRODUCT_BUNDLE_IDENTIFIER = "angelic-algorithms.ColorOven2";
				PRODUCT_NAME = "$(TARGET_NAME)";
				SWIFT_EMIT_LOC_STRINGS = YES;
				SWIFT_VERSION = 5.0;
				TARGETED_DEVICE_FAMILY = "1,2";
			};
			name = Debug;
		};
		4BC98C832AA6C59000B7F96A /* Release */ = {
			isa = XCBuildConfiguration;
			buildSettings = {
				ASSETCATALOG_COMPILER_APPICON_NAME = AppIcon;
				ASSETCATALOG_COMPILER_GLOBAL_ACCENT_COLOR_NAME = AccentColor;
				CODE_SIGN_STYLE = Automatic;
				CURRENT_PROJECT_VERSION = 1;
				DEVELOPMENT_TEAM = AEZ4QG7CT6;
				GENERATE_INFOPLIST_FILE = YES;
				INFOPLIST_FILE = ColorOven2/Info.plist;
				INFOPLIST_KEY_UIApplicationSupportsIndirectInputEvents = YES;
				INFOPLIST_KEY_UILaunchStoryboardName = LaunchScreen;
				INFOPLIST_KEY_UIMainStoryboardFile = Main;
				INFOPLIST_KEY_UISupportedInterfaceOrientations_iPad = "UIInterfaceOrientationPortrait UIInterfaceOrientationPortraitUpsideDown UIInterfaceOrientationLandscapeLeft UIInterfaceOrientationLandscapeRight";
				INFOPLIST_KEY_UISupportedInterfaceOrientations_iPhone = "UIInterfaceOrientationPortrait UIInterfaceOrientationLandscapeLeft UIInterfaceOrientationLandscapeRight";
				LD_RUNPATH_SEARCH_PATHS = (
					"$(inherited)",
					"@executable_path/Frameworks",
				);
				MARKETING_VERSION = 1.0;
				PRODUCT_BUNDLE_IDENTIFIER = "angelic-algorithms.ColorOven2";
				PRODUCT_NAME = "$(TARGET_NAME)";
				SWIFT_EMIT_LOC_STRINGS = YES;
				SWIFT_VERSION = 5.0;
				TARGETED_DEVICE_FAMILY = "1,2";
			};
			name = Release;
		};
/* End XCBuildConfiguration section */

/* Begin XCConfigurationList section */
		4BC98C682AA6C58E00B7F96A /* Build configuration list for PBXProject "ColorOven2" */ = {
			isa = XCConfigurationList;
			buildConfigurations = (
				4BC98C7F2AA6C59000B7F96A /* Debug */,
				4BC98C802AA6C59000B7F96A /* Release */,
			);
			defaultConfigurationIsVisible = 0;
			defaultConfigurationName = Release;
		};
		4BC98C812AA6C59000B7F96A /* Build configuration list for PBXNativeTarget "ColorOven2" */ = {
			isa = XCConfigurationList;
			buildConfigurations = (
				4BC98C822AA6C59000B7F96A /* Debug */,
				4BC98C832AA6C59000B7F96A /* Release */,
			);
			defaultConfigurationIsVisible = 0;
			defaultConfigurationName = Release;
		};
/* End XCConfigurationList section */
	};
	rootObject = 4BC98C652AA6C58E00B7F96A /* Project object */;
}
